
Microsoft Visual Studio Solution File, Format Version 12.00
# Visual Studio Version 16
VisualStudioVersion = 16.0.29806.167
MinimumVisualStudioVersion = 10.0.40219.1
Project("{9A19103F-16F7-4668-BE54-9A1E7A4F7556}") = "Models", "Models\Models.csproj", "{0DBD4256-A25C-4A82-964C-87E333EA4A7D}"
EndProject
Project("{9A19103F-16F7-4668-BE54-9A1E7A4F7556}") = "Services", "Services\Services.csproj", "{B9713E05-30C7-414B-9C51-7C3BB79888F5}"
EndProject
Project("{9A19103F-16F7-4668-BE54-9A1E7A4F7556}") = "CarPoolingMVC", "CarPoolingMVC\CarPoolingMVC.csproj", "{09F183B8-2B85-4B62-9D3F-57AE293B0F25}"
EndProject
Global
	GlobalSection(SolutionConfigurationPlatforms) = preSolution
		Debug|Any CPU = Debug|Any CPU
		Release|Any CPU = Release|Any CPU
	EndGlobalSection
	GlobalSection(ProjectConfigurationPlatforms) = postSolution
		{0DBD4256-A25C-4A82-964C-87E333EA4A7D}.Debug|Any CPU.ActiveCfg = Debug|Any CPU
		{0DBD4256-A25C-4A82-964C-87E333EA4A7D}.Debug|Any CPU.Build.0 = Debug|Any CPU
		{0DBD4256-A25C-4A82-964C-87E333EA4A7D}.Release|Any CPU.ActiveCfg = Release|Any CPU
		{0DBD4256-A25C-4A82-964C-87E333EA4A7D}.Release|Any CPU.Build.0 = Release|Any CPU
		{B9713E05-30C7-414B-9C51-7C3BB79888F5}.Debug|Any CPU.ActiveCfg = Debug|Any CPU
		{B9713E05-30C7-414B-9C51-7C3BB79888F5}.Debug|Any CPU.Build.0 = Debug|Any CPU
		{B9713E05-30C7-414B-9C51-7C3BB79888F5}.Release|Any CPU.ActiveCfg = Release|Any CPU
		{B9713E05-30C7-414B-9C51-7C3BB79888F5}.Release|Any CPU.Build.0 = Release|Any CPU
		{09F183B8-2B85-4B62-9D3F-57AE293B0F25}.Debug|Any CPU.ActiveCfg = Debug|Any CPU
		{09F183B8-2B85-4B62-9D3F-57AE293B0F25}.Debug|Any CPU.Build.0 = Debug|Any CPU
		{09F183B8-2B85-4B62-9D3F-57AE293B0F25}.Release|Any CPU.ActiveCfg = Release|Any CPU
		{09F183B8-2B85-4B62-9D3F-57AE293B0F25}.Release|Any CPU.Build.0 = Release|Any CPU
	EndGlobalSection
	GlobalSection(SolutionProperties) = preSolution
		HideSolutionNode = FALSE
	EndGlobalSection
	GlobalSection(ExtensibilityGlobals) = postSolution
		SolutionGuid = {4A3EC50D-86B0-4BD3-BC3C-8F072F52E0A3}
	EndGlobalSection
EndGlobal
